
Microsoft Visual Studio Solution File, Format Version 12.00
# Visual Studio Version 16
VisualStudioVersion = 16.0.29025.244
MinimumVisualStudioVersion = 10.0.40219.1
Project("{F184B08F-C81C-45F6-A57F-5ABD9991F28F}") = "dfdfrg", "dfdfrg\dfdfrg.vbproj", "{FB3AFAB4-F4E9-486D-9AF7-8E724F1F2337}"
EndProject
Global
	GlobalSection(SolutionConfigurationPlatforms) = preSolution
		Debug|Any CPU = Debug|Any CPU
		Release|Any CPU = Release|Any CPU
	EndGlobalSection
	GlobalSection(ProjectConfigurationPlatforms) = postSolution
		{FB3AFAB4-F4E9-486D-9AF7-8E724F1F2337}.Debug|Any CPU.ActiveCfg = Debug|Any CPU
		{FB3AFAB4-F4E9-486D-9AF7-8E724F1F2337}.Debug|Any CPU.Build.0 = Debug|Any CPU
		{FB3AFAB4-F4E9-486D-9AF7-8E724F1F2337}.Release|Any CPU.ActiveCfg = Release|Any CPU
		{FB3AFAB4-F4E9-486D-9AF7-8E724F1F2337}.Release|Any CPU.Build.0 = Release|Any CPU
	EndGlobalSection
	GlobalSection(SolutionProperties) = preSolution
		HideSolutionNode = FALSE
	EndGlobalSection
	GlobalSection(ExtensibilityGlobals) = postSolution
		SolutionGuid = {327CBC4D-D723-48D1-B693-197AD4ACEB69}
	EndGlobalSection
EndGlobal
